
Microsoft Visual Studio Solution File, Format Version 12.00
# Visual Studio Version 17
VisualStudioVersion = 17.2.32630.192
MinimumVisualStudioVersion = 10.0.40219.1
Project("{FAE04EC0-301F-11D3-BF4B-00C04F79EFBC}") = "Задание - 5.1", "Задание - 5.1.csproj", "{81571326-3F2D-4382-9A79-678957A035F5}"
EndProject
Global
	GlobalSection(SolutionConfigurationPlatforms) = preSolution
		Debug|Any CPU = Debug|Any CPU
		Release|Any CPU = Release|Any CPU
	EndGlobalSection
	GlobalSection(ProjectConfigurationPlatforms) = postSolution
		{81571326-3F2D-4382-9A79-678957A035F5}.Debug|Any CPU.ActiveCfg = Debug|Any CPU
		{81571326-3F2D-4382-9A79-678957A035F5}.Debug|Any CPU.Build.0 = Debug|Any CPU
		{81571326-3F2D-4382-9A79-678957A035F5}.Release|Any CPU.ActiveCfg = Release|Any CPU
		{81571326-3F2D-4382-9A79-678957A035F5}.Release|Any CPU.Build.0 = Release|Any CPU
	EndGlobalSection
	GlobalSection(SolutionProperties) = preSolution
		HideSolutionNode = FALSE
	EndGlobalSection
	GlobalSection(ExtensibilityGlobals) = postSolution
		SolutionGuid = {82E6E00F-CD10-47AB-BF3D-4D61D2BA18D4}
	EndGlobalSection
EndGlobal
